
Microsoft Visual Studio Solution File, Format Version 12.00
Project("{2150E333-8FDC-42A3-9474-1A3956D46DE8}") = "src", "src", "{922782C4-FC4E-4240-82E8-833D2CED776E}"
EndProject
Project("{2150E333-8FDC-42A3-9474-1A3956D46DE8}") = "tests", "tests", "{F8745644-CF86-42A0-8385-EFC5B0B38A98}"
EndProject
Project("{2150E333-8FDC-42A3-9474-1A3956D46DE8}") = "APIs", "APIs", "{62056822-5DAD-4F98-BC12-2C09029A3F53}"
EndProject
Project("{2150E333-8FDC-42A3-9474-1A3956D46DE8}") = "SDKs", "SDKs", "{CF46E712-1629-49D7-8226-EF1043A74EB6}"
EndProject
Project("{FAE04EC0-301F-11D3-BF4B-00C04F79EFBC}") = "Ufynd.Reporting.Api", "src\Ufynd.Reporting.Api\Ufynd.Reporting.Api.csproj", "{30A82903-0E21-40EC-87D8-7ECD6EEE7011}"
EndProject
Project("{FAE04EC0-301F-11D3-BF4B-00C04F79EFBC}") = "Ufynd.Core", "src\Ufynd.Core\Ufynd.Core.csproj", "{50F162B0-5A63-42AB-BCBF-0DD55934FFC1}"
EndProject
Project("{FAE04EC0-301F-11D3-BF4B-00C04F79EFBC}") = "Ufynd.Arrivals.Api", "src\Ufynd.Arrivals.Api\Ufynd.Arrivals.Api.csproj", "{43E8570E-4737-4A57-B897-84E4986E69FA}"
EndProject
Project("{FAE04EC0-301F-11D3-BF4B-00C04F79EFBC}") = "Ufynd.FileUpload.Sdk", "src\Ufynd.FileUpload.Sdk\Ufynd.FileUpload.Sdk.csproj", "{374E0D1E-0E7D-4FBB-9A31-740022CA5183}"
EndProject
Project("{FAE04EC0-301F-11D3-BF4B-00C04F79EFBC}") = "Ufynd.Redis.Sdk", "src\Ufynd.Redis.Sdk\Ufynd.Redis.Sdk.csproj", "{66AB21D4-EBE8-47CC-BC17-F019F6D482FC}"
EndProject
Project("{2150E333-8FDC-42A3-9474-1A3956D46DE8}") = "Jobs", "Jobs", "{E6DEBDDC-A767-4DED-8F1F-C1BEB8EE80E9}"
EndProject
Project("{FAE04EC0-301F-11D3-BF4B-00C04F79EFBC}") = "Ufynd.EmailSender.Job", "src\Ufynd.EmailSender.Job\Ufynd.EmailSender.Job.csproj", "{C38F3A5E-AA1C-4941-AE1E-1A6CDEA6D36E}"
EndProject
Project("{FAE04EC0-301F-11D3-BF4B-00C04F79EFBC}") = "Ufynd.Arrivals.Api.Tests", "tests\Ufynd.Arrivals.Api.Tests\Ufynd.Arrivals.Api.Tests.csproj", "{B12A8F78-ED43-4039-A1C3-8FF80F2BFDE2}"
EndProject
Project("{FAE04EC0-301F-11D3-BF4B-00C04F79EFBC}") = "Ufynd.Reporting.Api.Tests", "tests\Ufynd.Reporting.Api.Tests\Ufynd.Reporting.Api.Tests.csproj", "{0FDA6FEA-EECC-48D1-BD6A-84417AFE90F0}"
EndProject
Global
	GlobalSection(SolutionConfigurationPlatforms) = preSolution
		Debug|Any CPU = Debug|Any CPU
		Release|Any CPU = Release|Any CPU
	EndGlobalSection
	GlobalSection(ProjectConfigurationPlatforms) = postSolution
		{30A82903-0E21-40EC-87D8-7ECD6EEE7011}.Debug|Any CPU.ActiveCfg = Debug|Any CPU
		{30A82903-0E21-40EC-87D8-7ECD6EEE7011}.Debug|Any CPU.Build.0 = Debug|Any CPU
		{30A82903-0E21-40EC-87D8-7ECD6EEE7011}.Release|Any CPU.ActiveCfg = Release|Any CPU
		{30A82903-0E21-40EC-87D8-7ECD6EEE7011}.Release|Any CPU.Build.0 = Release|Any CPU
		{50F162B0-5A63-42AB-BCBF-0DD55934FFC1}.Debug|Any CPU.ActiveCfg = Debug|Any CPU
		{50F162B0-5A63-42AB-BCBF-0DD55934FFC1}.Debug|Any CPU.Build.0 = Debug|Any CPU
		{50F162B0-5A63-42AB-BCBF-0DD55934FFC1}.Release|Any CPU.ActiveCfg = Release|Any CPU
		{50F162B0-5A63-42AB-BCBF-0DD55934FFC1}.Release|Any CPU.Build.0 = Release|Any CPU
		{43E8570E-4737-4A57-B897-84E4986E69FA}.Debug|Any CPU.ActiveCfg = Debug|Any CPU
		{43E8570E-4737-4A57-B897-84E4986E69FA}.Debug|Any CPU.Build.0 = Debug|Any CPU
		{43E8570E-4737-4A57-B897-84E4986E69FA}.Release|Any CPU.ActiveCfg = Release|Any CPU
		{43E8570E-4737-4A57-B897-84E4986E69FA}.Release|Any CPU.Build.0 = Release|Any CPU
		{374E0D1E-0E7D-4FBB-9A31-740022CA5183}.Debug|Any CPU.ActiveCfg = Debug|Any CPU
		{374E0D1E-0E7D-4FBB-9A31-740022CA5183}.Debug|Any CPU.Build.0 = Debug|Any CPU
		{374E0D1E-0E7D-4FBB-9A31-740022CA5183}.Release|Any CPU.ActiveCfg = Release|Any CPU
		{374E0D1E-0E7D-4FBB-9A31-740022CA5183}.Release|Any CPU.Build.0 = Release|Any CPU
		{66AB21D4-EBE8-47CC-BC17-F019F6D482FC}.Debug|Any CPU.ActiveCfg = Debug|Any CPU
		{66AB21D4-EBE8-47CC-BC17-F019F6D482FC}.Debug|Any CPU.Build.0 = Debug|Any CPU
		{66AB21D4-EBE8-47CC-BC17-F019F6D482FC}.Release|Any CPU.ActiveCfg = Release|Any CPU
		{66AB21D4-EBE8-47CC-BC17-F019F6D482FC}.Release|Any CPU.Build.0 = Release|Any CPU
		{C38F3A5E-AA1C-4941-AE1E-1A6CDEA6D36E}.Debug|Any CPU.ActiveCfg = Debug|Any CPU
		{C38F3A5E-AA1C-4941-AE1E-1A6CDEA6D36E}.Debug|Any CPU.Build.0 = Debug|Any CPU
		{C38F3A5E-AA1C-4941-AE1E-1A6CDEA6D36E}.Release|Any CPU.ActiveCfg = Release|Any CPU
		{C38F3A5E-AA1C-4941-AE1E-1A6CDEA6D36E}.Release|Any CPU.Build.0 = Release|Any CPU
		{B12A8F78-ED43-4039-A1C3-8FF80F2BFDE2}.Debug|Any CPU.ActiveCfg = Debug|Any CPU
		{B12A8F78-ED43-4039-A1C3-8FF80F2BFDE2}.Debug|Any CPU.Build.0 = Debug|Any CPU
		{B12A8F78-ED43-4039-A1C3-8FF80F2BFDE2}.Release|Any CPU.ActiveCfg = Release|Any CPU
		{B12A8F78-ED43-4039-A1C3-8FF80F2BFDE2}.Release|Any CPU.Build.0 = Release|Any CPU
		{0FDA6FEA-EECC-48D1-BD6A-84417AFE90F0}.Debug|Any CPU.ActiveCfg = Debug|Any CPU
		{0FDA6FEA-EECC-48D1-BD6A-84417AFE90F0}.Debug|Any CPU.Build.0 = Debug|Any CPU
		{0FDA6FEA-EECC-48D1-BD6A-84417AFE90F0}.Release|Any CPU.ActiveCfg = Release|Any CPU
		{0FDA6FEA-EECC-48D1-BD6A-84417AFE90F0}.Release|Any CPU.Build.0 = Release|Any CPU
	EndGlobalSection
	GlobalSection(NestedProjects) = preSolution
		{62056822-5DAD-4F98-BC12-2C09029A3F53} = {922782C4-FC4E-4240-82E8-833D2CED776E}
		{CF46E712-1629-49D7-8226-EF1043A74EB6} = {922782C4-FC4E-4240-82E8-833D2CED776E}
		{30A82903-0E21-40EC-87D8-7ECD6EEE7011} = {62056822-5DAD-4F98-BC12-2C09029A3F53}
		{50F162B0-5A63-42AB-BCBF-0DD55934FFC1} = {62056822-5DAD-4F98-BC12-2C09029A3F53}
		{43E8570E-4737-4A57-B897-84E4986E69FA} = {62056822-5DAD-4F98-BC12-2C09029A3F53}
		{374E0D1E-0E7D-4FBB-9A31-740022CA5183} = {CF46E712-1629-49D7-8226-EF1043A74EB6}
		{66AB21D4-EBE8-47CC-BC17-F019F6D482FC} = {CF46E712-1629-49D7-8226-EF1043A74EB6}
		{E6DEBDDC-A767-4DED-8F1F-C1BEB8EE80E9} = {922782C4-FC4E-4240-82E8-833D2CED776E}
		{C38F3A5E-AA1C-4941-AE1E-1A6CDEA6D36E} = {E6DEBDDC-A767-4DED-8F1F-C1BEB8EE80E9}
		{B12A8F78-ED43-4039-A1C3-8FF80F2BFDE2} = {F8745644-CF86-42A0-8385-EFC5B0B38A98}
		{0FDA6FEA-EECC-48D1-BD6A-84417AFE90F0} = {F8745644-CF86-42A0-8385-EFC5B0B38A98}
	EndGlobalSection
EndGlobal
